// !$*UTF8*$!
{
	archiveVersion = 1;
	classes = {
	};
	objectVersion = 46;
	objects = {

/* Begin PBXBuildFile section */
		2BE2D5CB15AF78DE00F63B2E /* UIKit.framework in Frameworks */ = {isa = PBXBuildFile; fileRef = 2BE2D5CA15AF78DE00F63B2E /* UIKit.framework */; };
		2BE2D5CD15AF78DE00F63B2E /* Foundation.framework in Frameworks */ = {isa = PBXBuildFile; fileRef = 2BE2D5CC15AF78DE00F63B2E /* Foundation.framework */; };
		2BE2D5CF15AF78DE00F63B2E /* CoreGraphics.framework in Frameworks */ = {isa = PBXBuildFile; fileRef = 2BE2D5CE15AF78DE00F63B2E /* CoreGraphics.framework */; };
		2BE2D5D515AF78DE00F63B2E /* InfoPlist.strings in Resources */ = {isa = PBXBuildFile; fileRef = 2BE2D5D315AF78DE00F63B2E /* InfoPlist.strings */; };
		2BE2D5D715AF78DE00F63B2E /* main.m in Sources */ = {isa = PBXBuildFile; fileRef = 2BE2D5D615AF78DE00F63B2E /* main.m */; };
		2BE2D5DB15AF78DE00F63B2E /* Jul12AppDelegate.m in Sources */ = {isa = PBXBuildFile; fileRef = 2BE2D5DA15AF78DE00F63B2E /* Jul12AppDelegate.m */; };
		2BE2D5DE15AF78DE00F63B2E /* Jul12ViewController.m in Sources */ = {isa = PBXBuildFile; fileRef = 2BE2D5DD15AF78DE00F63B2E /* Jul12ViewController.m */; };
		2BE2D5E115AF78DE00F63B2E /* Jul12ViewController.xib in Resources */ = {isa = PBXBuildFile; fileRef = 2BE2D5DF15AF78DE00F63B2E /* Jul12ViewController.xib */; };
		2BE2D5E915AF78DF00F63B2E /* SenTestingKit.framework in Frameworks */ = {isa = PBXBuildFile; fileRef = 2BE2D5E815AF78DF00F63B2E /* SenTestingKit.framework */; };
		2BE2D5EA15AF78DF00F63B2E /* UIKit.framework in Frameworks */ = {isa = PBXBuildFile; fileRef = 2BE2D5CA15AF78DE00F63B2E /* UIKit.framework */; };
		2BE2D5EB15AF78DF00F63B2E /* Foundation.framework in Frameworks */ = {isa = PBXBuildFile; fileRef = 2BE2D5CC15AF78DE00F63B2E /* Foundation.framework */; };
		2BE2D5F315AF78DF00F63B2E /* InfoPlist.strings in Resources */ = {isa = PBXBuildFile; fileRef = 2BE2D5F115AF78DF00F63B2E /* InfoPlist.strings */; };
		2BE2D5F615AF78DF00F63B2E /* Jul122Tests.m in Sources */ = {isa = PBXBuildFile; fileRef = 2BE2D5F515AF78DF00F63B2E /* Jul122Tests.m */; };
/* End PBXBuildFile section */

/* Begin PBXContainerItemProxy section */
		2BE2D5EC15AF78DF00F63B2E /* PBXContainerItemProxy */ = {
			isa = PBXContainerItemProxy;
			containerPortal = 2BE2D5BD15AF78DE00F63B2E /* Project object */;
			proxyType = 1;
			remoteGlobalIDString = 2BE2D5C515AF78DE00F63B2E;
			remoteInfo = Jul122;
		};
/* End PBXContainerItemProxy section */

/* Begin PBXFileReference section */
		2BE2D5C615AF78DE00F63B2E /* Jul122.app */ = {isa = PBXFileReference; explicitFileType = wrapper.application; includeInIndex = 0; path = Jul122.app; sourceTree = BUILT_PRODUCTS_DIR; };
		2BE2D5CA15AF78DE00F63B2E /* UIKit.framework */ = {isa = PBXFileReference; lastKnownFileType = wrapper.framework; name = UIKit.framework; path = System/Library/Frameworks/UIKit.framework; sourceTree = SDKROOT; };
		2BE2D5CC15AF78DE00F63B2E /* Foundation.framework */ = {isa = PBXFileReference; lastKnownFileType = wrapper.framework; name = Foundation.framework; path = System/Library/Frameworks/Foundation.framework; sourceTree = SDKROOT; };
		2BE2D5CE15AF78DE00F63B2E /* CoreGraphics.framework */ = {isa = PBXFileReference; lastKnownFileType = wrapper.framework; name = CoreGraphics.framework; path = System/Library/Frameworks/CoreGraphics.framework; sourceTree = SDKROOT; };
		2BE2D5D215AF78DE00F63B2E /* Jul122-Info.plist */ = {isa = PBXFileReference; lastKnownFileType = text.plist.xml; path = "Jul122-Info.plist"; sourceTree = "<group>"; };
		2BE2D5D415AF78DE00F63B2E /* en */ = {isa = PBXFileReference; lastKnownFileType = text.plist.strings; name = en; path = en.lproj/InfoPlist.strings; sourceTree = "<group>"; };
		2BE2D5D615AF78DE00F63B2E /* main.m */ = {isa = PBXFileReference; lastKnownFileType = sourcecode.c.objc; path = main.m; sourceTree = "<group>"; };
		2BE2D5D815AF78DE00F63B2E /* Jul122-Prefix.pch */ = {isa = PBXFileReference; lastKnownFileType = sourcecode.c.h; path = "Jul122-Prefix.pch"; sourceTree = "<group>"; };
		2BE2D5D915AF78DE00F63B2E /* Jul12AppDelegate.h */ = {isa = PBXFileReference; lastKnownFileType = sourcecode.c.h; path = Jul12AppDelegate.h; sourceTree = "<group>"; };
		2BE2D5DA15AF78DE00F63B2E /* Jul12AppDelegate.m */ = {isa = PBXFileReference; lastKnownFileType = sourcecode.c.objc; path = Jul12AppDelegate.m; sourceTree = "<group>"; };
		2BE2D5DC15AF78DE00F63B2E /* Jul12ViewController.h */ = {isa = PBXFileReference; lastKnownFileType = sourcecode.c.h; path = Jul12ViewController.h; sourceTree = "<group>"; };
		2BE2D5DD15AF78DE00F63B2E /* Jul12ViewController.m */ = {isa = PBXFileReference; lastKnownFileType = sourcecode.c.objc; path = Jul12ViewController.m; sourceTree = "<group>"; };
		2BE2D5E015AF78DE00F63B2E /* en */ = {isa = PBXFileReference; lastKnownFileType = file.xib; name = en; path = en.lproj/Jul12ViewController.xib; sourceTree = "<group>"; };
		2BE2D5E715AF78DF00F63B2E /* Jul122Tests.octest */ = {isa = PBXFileReference; explicitFileType = wrapper.cfbundle; includeInIndex = 0; path = Jul122Tests.octest; sourceTree = BUILT_PRODUCTS_DIR; };
		2BE2D5E815AF78DF00F63B2E /* SenTestingKit.framework */ = {isa = PBXFileReference; lastKnownFileType = wrapper.framework; name = SenTestingKit.framework; path = Library/Frameworks/SenTestingKit.framework; sourceTree = DEVELOPER_DIR; };
		2BE2D5F015AF78DF00F63B2E /* Jul122Tests-Info.plist */ = {isa = PBXFileReference; lastKnownFileType = text.plist.xml; path = "Jul122Tests-Info.plist"; sourceTree = "<group>"; };
		2BE2D5F215AF78DF00F63B2E /* en */ = {isa = PBXFileReference; lastKnownFileType = text.plist.strings; name = en; path = en.lproj/InfoPlist.strings; sourceTree = "<group>"; };
		2BE2D5F415AF78DF00F63B2E /* Jul122Tests.h */ = {isa = PBXFileReference; lastKnownFileType = sourcecode.c.h; path = Jul122Tests.h; sourceTree = "<group>"; };
		2BE2D5F515AF78DF00F63B2E /* Jul122Tests.m */ = {isa = PBXFileReference; lastKnownFileType = sourcecode.c.objc; path = Jul122Tests.m; sourceTree = "<group>"; };
/* End PBXFileReference section */

/* Begin PBXFrameworksBuildPhase section */
		2BE2D5C315AF78DE00F63B2E /* Frameworks */ = {
			isa = PBXFrameworksBuildPhase;
			buildActionMask = 2147483647;
			files = (
				2BE2D5CB15AF78DE00F63B2E /* UIKit.framework in Frameworks */,
				2BE2D5CD15AF78DE00F63B2E /* Foundation.framework in Frameworks */,
				2BE2D5CF15AF78DE00F63B2E /* CoreGraphics.framework in Frameworks */,
			);
			runOnlyForDeploymentPostprocessing = 0;
		};
		2BE2D5E315AF78DF00F63B2E /* Frameworks */ = {
			isa = PBXFrameworksBuildPhase;
			buildActionMask = 2147483647;
			files = (
				2BE2D5E915AF78DF00F63B2E /* SenTestingKit.framework in Frameworks */,
				2BE2D5EA15AF78DF00F63B2E /* UIKit.framework in Frameworks */,
				2BE2D5EB15AF78DF00F63B2E /* Foundation.framework in Frameworks */,
			);
			runOnlyForDeploymentPostprocessing = 0;
		};
/* End PBXFrameworksBuildPhase section */

/* Begin PBXGroup section */
		2BE2D5BB15AF78DE00F63B2E = {
			isa = PBXGroup;
			children = (
				2BE2D5D015AF78DE00F63B2E /* Jul122 */,
				2BE2D5EE15AF78DF00F63B2E /* Jul122Tests */,
				2BE2D5C915AF78DE00F63B2E /* Frameworks */,
				2BE2D5C715AF78DE00F63B2E /* Products */,
			);
			sourceTree = "<group>";
		};
		2BE2D5C715AF78DE00F63B2E /* Products */ = {
			isa = PBXGroup;
			children = (
				2BE2D5C615AF78DE00F63B2E /* Jul122.app */,
				2BE2D5E715AF78DF00F63B2E /* Jul122Tests.octest */,
			);
			name = Products;
			sourceTree = "<group>";
		};
		2BE2D5C915AF78DE00F63B2E /* Frameworks */ = {
			isa = PBXGroup;
			children = (
				2BE2D5CA15AF78DE00F63B2E /* UIKit.framework */,
				2BE2D5CC15AF78DE00F63B2E /* Foundation.framework */,
				2BE2D5CE15AF78DE00F63B2E /* CoreGraphics.framework */,
				2BE2D5E815AF78DF00F63B2E /* SenTestingKit.framework */,
			);
			name = Frameworks;
			sourceTree = "<group>";
		};
		2BE2D5D015AF78DE00F63B2E /* Jul122 */ = {
			isa = PBXGroup;
			children = (
				2BE2D5D915AF78DE00F63B2E /* Jul12AppDelegate.h */,
				2BE2D5DA15AF78DE00F63B2E /* Jul12AppDelegate.m */,
				2BE2D5DC15AF78DE00F63B2E /* Jul12ViewController.h */,
				2BE2D5DD15AF78DE00F63B2E /* Jul12ViewController.m */,
				2BE2D5DF15AF78DE00F63B2E /* Jul12ViewController.xib */,
				2BE2D5D115AF78DE00F63B2E /* Supporting Files */,
			);
			path = Jul122;
			sourceTree = "<group>";
		};
		2BE2D5D115AF78DE00F63B2E /* Supporting Files */ = {
			isa = PBXGroup;
			children = (
				2BE2D5D215AF78DE00F63B2E /* Jul122-Info.plist */,
				2BE2D5D315AF78DE00F63B2E /* InfoPlist.strings */,
				2BE2D5D615AF78DE00F63B2E /* main.m */,
				2BE2D5D815AF78DE00F63B2E /* Jul122-Prefix.pch */,
			);
			name = "Supporting Files";
			sourceTree = "<group>";
		};
		2BE2D5EE15AF78DF00F63B2E /* Jul122Tests */ = {
			isa = PBXGroup;
			children = (
				2BE2D5F415AF78DF00F63B2E /* Jul122Tests.h */,
				2BE2D5F515AF78DF00F63B2E /* Jul122Tests.m */,
				2BE2D5EF15AF78DF00F63B2E /* Supporting Files */,
			);
			path = Jul122Tests;
			sourceTree = "<group>";
		};
		2BE2D5EF15AF78DF00F63B2E /* Supporting Files */ = {
			isa = PBXGroup;
			children = (
				2BE2D5F015AF78DF00F63B2E /* Jul122Tests-Info.plist */,
				2BE2D5F115AF78DF00F63B2E /* InfoPlist.strings */,
			);
			name = "Supporting Files";
			sourceTree = "<group>";
		};
/* End PBXGroup section */

/* Begin PBXNativeTarget section */
		2BE2D5C515AF78DE00F63B2E /* Jul122 */ = {
			isa = PBXNativeTarget;
			buildConfigurationList = 2BE2D5F915AF78DF00F63B2E /* Build configuration list for PBXNativeTarget "Jul122" */;
			buildPhases = (
				2BE2D5C215AF78DE00F63B2E /* Sources */,
				2BE2D5C315AF78DE00F63B2E /* Frameworks */,
				2BE2D5C415AF78DE00F63B2E /* Resources */,
			);
			buildRules = (
			);
			dependencies = (
			);
			name = Jul122;
			productName = Jul122;
			productReference = 2BE2D5C615AF78DE00F63B2E /* Jul122.app */;
			productType = "com.apple.product-type.application";
		};
		2BE2D5E615AF78DF00F63B2E /* Jul122Tests */ = {
			isa = PBXNativeTarget;
			buildConfigurationList = 2BE2D5FC15AF78DF00F63B2E /* Build configuration list for PBXNativeTarget "Jul122Tests" */;
			buildPhases = (
				2BE2D5E215AF78DF00F63B2E /* Sources */,
				2BE2D5E315AF78DF00F63B2E /* Frameworks */,
				2BE2D5E415AF78DF00F63B2E /* Resources */,
				2BE2D5E515AF78DF00F63B2E /* ShellScript */,
			);
			buildRules = (
			);
			dependencies = (
				2BE2D5ED15AF78DF00F63B2E /* PBXTargetDependency */,
			);
			name = Jul122Tests;
			productName = Jul122Tests;
			productReference = 2BE2D5E715AF78DF00F63B2E /* Jul122Tests.octest */;
			productType = "com.apple.product-type.bundle";
		};
/* End PBXNativeTarget section */

/* Begin PBXProject section */
		2BE2D5BD15AF78DE00F63B2E /* Project object */ = {
			isa = PBXProject;
			attributes = {
				CLASSPREFIX = Jul12;
				LastUpgradeCheck = 0430;
				ORGANIZATIONNAME = NBS;
			};
			buildConfigurationList = 2BE2D5C015AF78DE00F63B2E /* Build configuration list for PBXProject "Jul122" */;
			compatibilityVersion = "Xcode 3.2";
			developmentRegion = English;
			hasScannedForEncodings = 0;
			knownRegions = (
				en,
			);
			mainGroup = 2BE2D5BB15AF78DE00F63B2E;
			productRefGroup = 2BE2D5C715AF78DE00F63B2E /* Products */;
			projectDirPath = "";
			projectRoot = "";
			targets = (
				2BE2D5C515AF78DE00F63B2E /* Jul122 */,
				2BE2D5E615AF78DF00F63B2E /* Jul122Tests */,
			);
		};
/* End PBXProject section */

/* Begin PBXResourcesBuildPhase section */
		2BE2D5C415AF78DE00F63B2E /* Resources */ = {
			isa = PBXResourcesBuildPhase;
			buildActionMask = 2147483647;
			files = (
				2BE2D5D515AF78DE00F63B2E /* InfoPlist.strings in Resources */,
				2BE2D5E115AF78DE00F63B2E /* Jul12ViewController.xib in Resources */,
			);
			runOnlyForDeploymentPostprocessing = 0;
		};
		2BE2D5E415AF78DF00F63B2E /* Resources */ = {
			isa = PBXResourcesBuildPhase;
			buildActionMask = 2147483647;
			files = (
				2BE2D5F315AF78DF00F63B2E /* InfoPlist.strings in Resources */,
			);
			runOnlyForDeploymentPostprocessing = 0;
		};
/* End PBXResourcesBuildPhase section */

/* Begin PBXShellScriptBuildPhase section */
		2BE2D5E515AF78DF00F63B2E /* ShellScript */ = {
			isa = PBXShellScriptBuildPhase;
			buildActionMask = 2147483647;
			files = (
			);
			inputPaths = (
			);
			outputPaths = (
			);
			runOnlyForDeploymentPostprocessing = 0;
			shellPath = /bin/sh;
			shellScript = "# Run the unit tests in this test bundle.\n\"${SYSTEM_DEVELOPER_DIR}/Tools/RunUnitTests\"\n";
		};
/* End PBXShellScriptBuildPhase section */

/* Begin PBXSourcesBuildPhase section */
		2BE2D5C215AF78DE00F63B2E /* Sources */ = {
			isa = PBXSourcesBuildPhase;
			buildActionMask = 2147483647;
			files = (
				2BE2D5D715AF78DE00F63B2E /* main.m in Sources */,
				2BE2D5DB15AF78DE00F63B2E /* Jul12AppDelegate.m in Sources */,
				2BE2D5DE15AF78DE00F63B2E /* Jul12ViewController.m in Sources */,
			);
			runOnlyForDeploymentPostprocessing = 0;
		};
		2BE2D5E215AF78DF00F63B2E /* Sources */ = {
			isa = PBXSourcesBuildPhase;
			buildActionMask = 2147483647;
			files = (
				2BE2D5F615AF78DF00F63B2E /* Jul122Tests.m in Sources */,
			);
			runOnlyForDeploymentPostprocessing = 0;
		};
/* End PBXSourcesBuildPhase section */

/* Begin PBXTargetDependency section */
		2BE2D5ED15AF78DF00F63B2E /* PBXTargetDependency */ = {
			isa = PBXTargetDependency;
			target = 2BE2D5C515AF78DE00F63B2E /* Jul122 */;
			targetProxy = 2BE2D5EC15AF78DF00F63B2E /* PBXContainerItemProxy */;
		};
/* End PBXTargetDependency section */

/* Begin PBXVariantGroup section */
		2BE2D5D315AF78DE00F63B2E /* InfoPlist.strings */ = {
			isa = PBXVariantGroup;
			children = (
				2BE2D5D415AF78DE00F63B2E /* en */,
			);
			name = InfoPlist.strings;
			sourceTree = "<group>";
		};
		2BE2D5DF15AF78DE00F63B2E /* Jul12ViewController.xib */ = {
			isa = PBXVariantGroup;
			children = (
				2BE2D5E015AF78DE00F63B2E /* en */,
			);
			name = Jul12ViewController.xib;
			sourceTree = "<group>";
		};
		2BE2D5F115AF78DF00F63B2E /* InfoPlist.strings */ = {
			isa = PBXVariantGroup;
			children = (
				2BE2D5F215AF78DF00F63B2E /* en */,
			);
			name = InfoPlist.strings;
			sourceTree = "<group>";
		};
/* End PBXVariantGroup section */

/* Begin XCBuildConfiguration section */
		2BE2D5F715AF78DF00F63B2E /* Debug */ = {
			isa = XCBuildConfiguration;
			buildSettings = {
				ALWAYS_SEARCH_USER_PATHS = NO;
				ARCHS = "$(ARCHS_STANDARD_32_BIT)";
				CLANG_ENABLE_OBJC_ARC = YES;
				"CODE_SIGN_IDENTITY[sdk=iphoneos*]" = "iPhone Developer";
				COPY_PHASE_STRIP = NO;
				GCC_C_LANGUAGE_STANDARD = gnu99;
				GCC_DYNAMIC_NO_PIC = NO;
				GCC_OPTIMIZATION_LEVEL = 0;
				GCC_PREPROCESSOR_DEFINITIONS = (
					"DEBUG=1",
					"$(inherited)",
				);
				GCC_SYMBOLS_PRIVATE_EXTERN = NO;
				GCC_VERSION = com.apple.compilers.llvm.clang.1_0;
				GCC_WARN_ABOUT_RETURN_TYPE = YES;
				GCC_WARN_UNINITIALIZED_AUTOS = YES;
				GCC_WARN_UNUSED_VARIABLE = YES;
				IPHONEOS_DEPLOYMENT_TARGET = 5.1;
				SDKROOT = iphoneos;
			};
			name = Debug;
		};
		2BE2D5F815AF78DF00F63B2E /* Release */ = {
			isa = XCBuildConfiguration;
			buildSettings = {
				ALWAYS_SEARCH_USER_PATHS = NO;
				ARCHS = "$(ARCHS_STANDARD_32_BIT)";
				CLANG_ENABLE_OBJC_ARC = YES;
				"CODE_SIGN_IDENTITY[sdk=iphoneos*]" = "iPhone Developer";
				COPY_PHASE_STRIP = YES;
				GCC_C_LANGUAGE_STANDARD = gnu99;
				GCC_VERSION = com.apple.compilers.llvm.clang.1_0;
				GCC_WARN_ABOUT_RETURN_TYPE = YES;
				GCC_WARN_UNINITIALIZED_AUTOS = YES;
				GCC_WARN_UNUSED_VARIABLE = YES;
				IPHONEOS_DEPLOYMENT_TARGET = 5.1;
				OTHER_CFLAGS = "-DNS_BLOCK_ASSERTIONS=1";
				SDKROOT = iphoneos;
				VALIDATE_PRODUCT = YES;
			};
			name = Release;
		};
		2BE2D5FA15AF78DF00F63B2E /* Debug */ = {
			isa = XCBuildConfiguration;
			buildSettings = {
				GCC_PRECOMPILE_PREFIX_HEADER = YES;
				GCC_PREFIX_HEADER = "Jul122/Jul122-Prefix.pch";
				INFOPLIST_FILE = "Jul122/Jul122-Info.plist";
				PRODUCT_NAME = "$(TARGET_NAME)";
				WRAPPER_EXTENSION = app;
			};
			name = Debug;
		};
		2BE2D5FB15AF78DF00F63B2E /* Release */ = {
			isa = XCBuildConfiguration;
			buildSettings = {
				GCC_PRECOMPILE_PREFIX_HEADER = YES;
				GCC_PREFIX_HEADER = "Jul122/Jul122-Prefix.pch";
				INFOPLIST_FILE = "Jul122/Jul122-Info.plist";
				PRODUCT_NAME = "$(TARGET_NAME)";
				WRAPPER_EXTENSION = app;
			};
			name = Release;
		};
		2BE2D5FD15AF78DF00F63B2E /* Debug */ = {
			isa = XCBuildConfiguration;
			buildSettings = {
				BUNDLE_LOADER = "$(BUILT_PRODUCTS_DIR)/Jul122.app/Jul122";
				FRAMEWORK_SEARCH_PATHS = (
					"$(SDKROOT)/Developer/Library/Frameworks",
					"$(DEVELOPER_LIBRARY_DIR)/Frameworks",
				);
				GCC_PRECOMPILE_PREFIX_HEADER = YES;
				GCC_PREFIX_HEADER = "Jul122/Jul122-Prefix.pch";
				INFOPLIST_FILE = "Jul122Tests/Jul122Tests-Info.plist";
				PRODUCT_NAME = "$(TARGET_NAME)";
				TEST_HOST = "$(BUNDLE_LOADER)";
				WRAPPER_EXTENSION = octest;
			};
			name = Debug;
		};
		2BE2D5FE15AF78DF00F63B2E /* Release */ = {
			isa = XCBuildConfiguration;
			buildSettings = {
				BUNDLE_LOADER = "$(BUILT_PRODUCTS_DIR)/Jul122.app/Jul122";
				FRAMEWORK_SEARCH_PATHS = (
					"$(SDKROOT)/Developer/Library/Frameworks",
					"$(DEVELOPER_LIBRARY_DIR)/Frameworks",
				);
				GCC_PRECOMPILE_PREFIX_HEADER = YES;
				GCC_PREFIX_HEADER = "Jul122/Jul122-Prefix.pch";
				INFOPLIST_FILE = "Jul122Tests/Jul122Tests-Info.plist";
				PRODUCT_NAME = "$(TARGET_NAME)";
				TEST_HOST = "$(BUNDLE_LOADER)";
				WRAPPER_EXTENSION = octest;
			};
			name = Release;
		};
/* End XCBuildConfiguration section */

/* Begin XCConfigurationList section */
		2BE2D5C015AF78DE00F63B2E /* Build configuration list for PBXProject "Jul122" */ = {
			isa = XCConfigurationList;
			buildConfigurations = (
				2BE2D5F715AF78DF00F63B2E /* Debug */,
				2BE2D5F815AF78DF00F63B2E /* Release */,
			);
			defaultConfigurationIsVisible = 0;
			defaultConfigurationName = Release;
		};
		2BE2D5F915AF78DF00F63B2E /* Build configuration list for PBXNativeTarget "Jul122" */ = {
			isa = XCConfigurationList;
			buildConfigurations = (
				2BE2D5FA15AF78DF00F63B2E /* Debug */,
				2BE2D5FB15AF78DF00F63B2E /* Release */,
			);
			defaultConfigurationIsVisible = 0;
		};
		2BE2D5FC15AF78DF00F63B2E /* Build configuration list for PBXNativeTarget "Jul122Tests" */ = {
			isa = XCConfigurationList;
			buildConfigurations = (
				2BE2D5FD15AF78DF00F63B2E /* Debug */,
				2BE2D5FE15AF78DF00F63B2E /* Release */,
			);
			defaultConfigurationIsVisible = 0;
		};
/* End XCConfigurationList section */
	};
	rootObject = 2BE2D5BD15AF78DE00F63B2E /* Project object */;
}
